
Microsoft Visual Studio Solution File, Format Version 12.00
# Visual Studio Version 17
VisualStudioVersion = 17.0.32014.148
MinimumVisualStudioVersion = 10.0.40219.1
Project("{8BC9CEB8-8B4A-11D0-8D11-00A0C91BC942}") = "Direct3D11_3_28_22", "Direct3D11_3_28_22\Direct3D11_3_28_22.vcxproj", "{865B40ED-96AD-4166-8FBF-0EA42BDEBAA7}"
EndProject
Project("{8BC9CEB8-8B4A-11D0-8D11-00A0C91BC942}") = "DirectXTK_Desktop_2022_Win10", "DirectXTK\DirectXTK_Desktop_2022_Win10.vcxproj", "{E0B52AE7-E160-4D32-BF3F-910B785E5A8E}"
EndProject
Project("{8BC9CEB8-8B4A-11D0-8D11-00A0C91BC942}") = "DirectXTex", "DirectXTex\DirectXTex\DirectXTex_Desktop_2022_Win10.vcxproj", "{371B9FA9-4C90-4AC6-A123-ACED756D6C77}"
EndProject
Global
	GlobalSection(SolutionConfigurationPlatforms) = preSolution
		Debug|ARM = Debug|ARM
		Debug|ARM64 = Debug|ARM64
		Debug|x64 = Debug|x64
		Debug|x86 = Debug|x86
		MinSizeRel|ARM = MinSizeRel|ARM
		MinSizeRel|ARM64 = MinSizeRel|ARM64
		MinSizeRel|x64 = MinSizeRel|x64
		MinSizeRel|x86 = MinSizeRel|x86
		Profile|ARM = Profile|ARM
		Profile|ARM64 = Profile|ARM64
		Profile|x64 = Profile|x64
		Profile|x86 = Profile|x86
		Release|ARM = Release|ARM
		Release|ARM64 = Release|ARM64
		Release|x64 = Release|x64
		Release|x86 = Release|x86
		RelWithDebInfo|ARM = RelWithDebInfo|ARM
		RelWithDebInfo|ARM64 = RelWithDebInfo|ARM64
		RelWithDebInfo|x64 = RelWithDebInfo|x64
		RelWithDebInfo|x86 = RelWithDebInfo|x86
	EndGlobalSection
	GlobalSection(ProjectConfigurationPlatforms) = postSolution
		{865B40ED-96AD-4166-8FBF-0EA42BDEBAA7}.Debug|ARM.ActiveCfg = Debug|x64
		{865B40ED-96AD-4166-8FBF-0EA42BDEBAA7}.Debug|ARM.Build.0 = Debug|x64
		{865B40ED-96AD-4166-8FBF-0EA42BDEBAA7}.Debug|ARM64.ActiveCfg = Debug|x64
		{865B40ED-96AD-4166-8FBF-0EA42BDEBAA7}.Debug|ARM64.Build.0 = Debug|x64
		{865B40ED-96AD-4166-8FBF-0EA42BDEBAA7}.Debug|x64.ActiveCfg = Debug|x64
		{865B40ED-96AD-4166-8FBF-0EA42BDEBAA7}.Debug|x64.Build.0 = Debug|x64
		{865B40ED-96AD-4166-8FBF-0EA42BDEBAA7}.Debug|x86.ActiveCfg = Debug|Win32
		{865B40ED-96AD-4166-8FBF-0EA42BDEBAA7}.Debug|x86.Build.0 = Debug|Win32
		{865B40ED-96AD-4166-8FBF-0EA42BDEBAA7}.MinSizeRel|ARM.ActiveCfg = Release|Win32
		{865B40ED-96AD-4166-8FBF-0EA42BDEBAA7}.MinSizeRel|ARM.Build.0 = Release|Win32
		{865B40ED-96AD-4166-8FBF-0EA42BDEBAA7}.MinSizeRel|ARM64.ActiveCfg = Release|Win32
		{865B40ED-96AD-4166-8FBF-0EA42BDEBAA7}.MinSizeRel|ARM64.Build.0 = Release|Win32
		{865B40ED-96AD-4166-8FBF-0EA42BDEBAA7}.MinSizeRel|x64.ActiveCfg = Release|x64
		{865B40ED-96AD-4166-8FBF-0EA42BDEBAA7}.MinSizeRel|x64.Build.0 = Release|x64
		{865B40ED-96AD-4166-8FBF-0EA42BDEBAA7}.MinSizeRel|x86.ActiveCfg = Release|Win32
		{865B40ED-96AD-4166-8FBF-0EA42BDEBAA7}.MinSizeRel|x86.Build.0 = Release|Win32
		{865B40ED-96AD-4166-8FBF-0EA42BDEBAA7}.Profile|ARM.ActiveCfg = Release|Win32
		{865B40ED-96AD-4166-8FBF-0EA42BDEBAA7}.Profile|ARM.Build.0 = Release|Win32
		{865B40ED-96AD-4166-8FBF-0EA42BDEBAA7}.Profile|ARM64.ActiveCfg = Release|Win32
		{865B40ED-96AD-4166-8FBF-0EA42BDEBAA7}.Profile|ARM64.Build.0 = Release|Win32
		{865B40ED-96AD-4166-8FBF-0EA42BDEBAA7}.Profile|x64.ActiveCfg = Release|x64
		{865B40ED-96AD-4166-8FBF-0EA42BDEBAA7}.Profile|x64.Build.0 = Release|x64
		{865B40ED-96AD-4166-8FBF-0EA42BDEBAA7}.Profile|x86.ActiveCfg = Release|Win32
		{865B40ED-96AD-4166-8FBF-0EA42BDEBAA7}.Profile|x86.Build.0 = Release|Win32
		{865B40ED-96AD-4166-8FBF-0EA42BDEBAA7}.Release|ARM.ActiveCfg = Release|x64
		{865B40ED-96AD-4166-8FBF-0EA42BDEBAA7}.Release|ARM.Build.0 = Release|x64
		{865B40ED-96AD-4166-8FBF-0EA42BDEBAA7}.Release|ARM64.ActiveCfg = Release|x64
		{865B40ED-96AD-4166-8FBF-0EA42BDEBAA7}.Release|ARM64.Build.0 = Release|x64
		{865B40ED-96AD-4166-8FBF-0EA42BDEBAA7}.Release|x64.ActiveCfg = Release|x64
		{865B40ED-96AD-4166-8FBF-0EA42BDEBAA7}.Release|x64.Build.0 = Release|x64
		{865B40ED-96AD-4166-8FBF-0EA42BDEBAA7}.Release|x86.ActiveCfg = Release|Win32
		{865B40ED-96AD-4166-8FBF-0EA42BDEBAA7}.Release|x86.Build.0 = Release|Win32
		{865B40ED-96AD-4166-8FBF-0EA42BDEBAA7}.RelWithDebInfo|ARM.ActiveCfg = Release|Win32
		{865B40ED-96AD-4166-8FBF-0EA42BDEBAA7}.RelWithDebInfo|ARM.Build.0 = Release|Win32
		{865B40ED-96AD-4166-8FBF-0EA42BDEBAA7}.RelWithDebInfo|ARM64.ActiveCfg = Release|Win32
		{865B40ED-96AD-4166-8FBF-0EA42BDEBAA7}.RelWithDebInfo|ARM64.Build.0 = Release|Win32
		{865B40ED-96AD-4166-8FBF-0EA42BDEBAA7}.RelWithDebInfo|x64.ActiveCfg = Release|x64
		{865B40ED-96AD-4166-8FBF-0EA42BDEBAA7}.RelWithDebInfo|x64.Build.0 = Release|x64
		{865B40ED-96AD-4166-8FBF-0EA42BDEBAA7}.RelWithDebInfo|x86.ActiveCfg = Release|Win32
		{865B40ED-96AD-4166-8FBF-0EA42BDEBAA7}.RelWithDebInfo|x86.Build.0 = Release|Win32
		{E0B52AE7-E160-4D32-BF3F-910B785E5A8E}.Debug|ARM.ActiveCfg = Debug|x64
		{E0B52AE7-E160-4D32-BF3F-910B785E5A8E}.Debug|ARM.Build.0 = Debug|x64
		{E0B52AE7-E160-4D32-BF3F-910B785E5A8E}.Debug|ARM64.ActiveCfg = Debug|ARM64
		{E0B52AE7-E160-4D32-BF3F-910B785E5A8E}.Debug|ARM64.Build.0 = Debug|ARM64
		{E0B52AE7-E160-4D32-BF3F-910B785E5A8E}.Debug|x64.ActiveCfg = Debug|x64
		{E0B52AE7-E160-4D32-BF3F-910B785E5A8E}.Debug|x64.Build.0 = Debug|x64
		{E0B52AE7-E160-4D32-BF3F-910B785E5A8E}.Debug|x86.ActiveCfg = Debug|Win32
		{E0B52AE7-E160-4D32-BF3F-910B785E5A8E}.Debug|x86.Build.0 = Debug|Win32
		{E0B52AE7-E160-4D32-BF3F-910B785E5A8E}.MinSizeRel|ARM.ActiveCfg = Debug|Win32
		{E0B52AE7-E160-4D32-BF3F-910B785E5A8E}.MinSizeRel|ARM.Build.0 = Debug|Win32
		{E0B52AE7-E160-4D32-BF3F-910B785E5A8E}.MinSizeRel|ARM64.ActiveCfg = Debug|ARM64
		{E0B52AE7-E160-4D32-BF3F-910B785E5A8E}.MinSizeRel|ARM64.Build.0 = Debug|ARM64
		{E0B52AE7-E160-4D32-BF3F-910B785E5A8E}.MinSizeRel|x64.ActiveCfg = Debug|x64
		{E0B52AE7-E160-4D32-BF3F-910B785E5A8E}.MinSizeRel|x64.Build.0 = Debug|x64
		{E0B52AE7-E160-4D32-BF3F-910B785E5A8E}.MinSizeRel|x86.ActiveCfg = Debug|Win32
		{E0B52AE7-E160-4D32-BF3F-910B785E5A8E}.MinSizeRel|x86.Build.0 = Debug|Win32
		{E0B52AE7-E160-4D32-BF3F-910B785E5A8E}.Profile|ARM.ActiveCfg = Debug|Win32
		{E0B52AE7-E160-4D32-BF3F-910B785E5A8E}.Profile|ARM.Build.0 = Debug|Win32
		{E0B52AE7-E160-4D32-BF3F-910B785E5A8E}.Profile|ARM64.ActiveCfg = Debug|ARM64
		{E0B52AE7-E160-4D32-BF3F-910B785E5A8E}.Profile|ARM64.Build.0 = Debug|ARM64
		{E0B52AE7-E160-4D32-BF3F-910B785E5A8E}.Profile|x64.ActiveCfg = Debug|x64
		{E0B52AE7-E160-4D32-BF3F-910B785E5A8E}.Profile|x64.Build.0 = Debug|x64
		{E0B52AE7-E160-4D32-BF3F-910B785E5A8E}.Profile|x86.ActiveCfg = Debug|Win32
		{E0B52AE7-E160-4D32-BF3F-910B785E5A8E}.Profile|x86.Build.0 = Debug|Win32
		{E0B52AE7-E160-4D32-BF3F-910B785E5A8E}.Release|ARM.ActiveCfg = Release|x64
		{E0B52AE7-E160-4D32-BF3F-910B785E5A8E}.Release|ARM.Build.0 = Release|x64
		{E0B52AE7-E160-4D32-BF3F-910B785E5A8E}.Release|ARM64.ActiveCfg = Release|ARM64
		{E0B52AE7-E160-4D32-BF3F-910B785E5A8E}.Release|ARM64.Build.0 = Release|ARM64
		{E0B52AE7-E160-4D32-BF3F-910B785E5A8E}.Release|x64.ActiveCfg = Release|x64
		{E0B52AE7-E160-4D32-BF3F-910B785E5A8E}.Release|x64.Build.0 = Release|x64
		{E0B52AE7-E160-4D32-BF3F-910B785E5A8E}.Release|x86.ActiveCfg = Release|Win32
		{E0B52AE7-E160-4D32-BF3F-910B785E5A8E}.Release|x86.Build.0 = Release|Win32
		{E0B52AE7-E160-4D32-BF3F-910B785E5A8E}.RelWithDebInfo|ARM.ActiveCfg = Debug|Win32
		{E0B52AE7-E160-4D32-BF3F-910B785E5A8E}.RelWithDebInfo|ARM.Build.0 = Debug|Win32
		{E0B52AE7-E160-4D32-BF3F-910B785E5A8E}.RelWithDebInfo|ARM64.ActiveCfg = Release|ARM64
		{E0B52AE7-E160-4D32-BF3F-910B785E5A8E}.RelWithDebInfo|ARM64.Build.0 = Release|ARM64
		{E0B52AE7-E160-4D32-BF3F-910B785E5A8E}.RelWithDebInfo|x64.ActiveCfg = Release|x64
		{E0B52AE7-E160-4D32-BF3F-910B785E5A8E}.RelWithDebInfo|x64.Build.0 = Release|x64
		{E0B52AE7-E160-4D32-BF3F-910B785E5A8E}.RelWithDebInfo|x86.ActiveCfg = Release|Win32
		{E0B52AE7-E160-4D32-BF3F-910B785E5A8E}.RelWithDebInfo|x86.Build.0 = Release|Win32
		{371B9FA9-4C90-4AC6-A123-ACED756D6C77}.Debug|ARM.ActiveCfg = Debug|x64
		{371B9FA9-4C90-4AC6-A123-ACED756D6C77}.Debug|ARM.Build.0 = Debug|x64
		{371B9FA9-4C90-4AC6-A123-ACED756D6C77}.Debug|ARM64.ActiveCfg = Debug|ARM64
		{371B9FA9-4C90-4AC6-A123-ACED756D6C77}.Debug|ARM64.Build.0 = Debug|ARM64
		{371B9FA9-4C90-4AC6-A123-ACED756D6C77}.Debug|x64.ActiveCfg = Debug|x64
		{371B9FA9-4C90-4AC6-A123-ACED756D6C77}.Debug|x64.Build.0 = Debug|x64
		{371B9FA9-4C90-4AC6-A123-ACED756D6C77}.Debug|x86.ActiveCfg = Debug|Win32
		{371B9FA9-4C90-4AC6-A123-ACED756D6C77}.Debug|x86.Build.0 = Debug|Win32
		{371B9FA9-4C90-4AC6-A123-ACED756D6C77}.MinSizeRel|ARM.ActiveCfg = Debug|Win32
		{371B9FA9-4C90-4AC6-A123-ACED756D6C77}.MinSizeRel|ARM.Build.0 = Debug|Win32
		{371B9FA9-4C90-4AC6-A123-ACED756D6C77}.MinSizeRel|ARM64.ActiveCfg = Profile|ARM64
		{371B9FA9-4C90-4AC6-A123-ACED756D6C77}.MinSizeRel|ARM64.Build.0 = Profile|ARM64
		{371B9FA9-4C90-4AC6-A123-ACED756D6C77}.MinSizeRel|x64.ActiveCfg = Profile|x64
		{371B9FA9-4C90-4AC6-A123-ACED756D6C77}.MinSizeRel|x64.Build.0 = Profile|x64
		{371B9FA9-4C90-4AC6-A123-ACED756D6C77}.MinSizeRel|x86.ActiveCfg = Debug|Win32
		{371B9FA9-4C90-4AC6-A123-ACED756D6C77}.MinSizeRel|x86.Build.0 = Debug|Win32
		{371B9FA9-4C90-4AC6-A123-ACED756D6C77}.Profile|ARM.ActiveCfg = Profile|x64
		{371B9FA9-4C90-4AC6-A123-ACED756D6C77}.Profile|ARM.Build.0 = Profile|x64
		{371B9FA9-4C90-4AC6-A123-ACED756D6C77}.Profile|ARM64.ActiveCfg = Profile|ARM64
		{371B9FA9-4C90-4AC6-A123-ACED756D6C77}.Profile|ARM64.Build.0 = Profile|ARM64
		{371B9FA9-4C90-4AC6-A123-ACED756D6C77}.Profile|x64.ActiveCfg = Profile|x64
		{371B9FA9-4C90-4AC6-A123-ACED756D6C77}.Profile|x64.Build.0 = Profile|x64
		{371B9FA9-4C90-4AC6-A123-ACED756D6C77}.Profile|x86.ActiveCfg = Profile|Win32
		{371B9FA9-4C90-4AC6-A123-ACED756D6C77}.Profile|x86.Build.0 = Profile|Win32
		{371B9FA9-4C90-4AC6-A123-ACED756D6C77}.Release|ARM.ActiveCfg = Release|x64
		{371B9FA9-4C90-4AC6-A123-ACED756D6C77}.Release|ARM.Build.0 = Release|x64
		{371B9FA9-4C90-4AC6-A123-ACED756D6C77}.Release|ARM64.ActiveCfg = Release|ARM64
		{371B9FA9-4C90-4AC6-A123-ACED756D6C77}.Release|ARM64.Build.0 = Release|ARM64
		{371B9FA9-4C90-4AC6-A123-ACED756D6C77}.Release|x64.ActiveCfg = Release|x64
		{371B9FA9-4C90-4AC6-A123-ACED756D6C77}.Release|x64.Build.0 = Release|x64
		{371B9FA9-4C90-4AC6-A123-ACED756D6C77}.Release|x86.ActiveCfg = Release|Win32
		{371B9FA9-4C90-4AC6-A123-ACED756D6C77}.Release|x86.Build.0 = Release|Win32
		{371B9FA9-4C90-4AC6-A123-ACED756D6C77}.RelWithDebInfo|ARM.ActiveCfg = Debug|Win32
		{371B9FA9-4C90-4AC6-A123-ACED756D6C77}.RelWithDebInfo|ARM.Build.0 = Debug|Win32
		{371B9FA9-4C90-4AC6-A123-ACED756D6C77}.RelWithDebInfo|ARM64.ActiveCfg = Release|ARM64
		{371B9FA9-4C90-4AC6-A123-ACED756D6C77}.RelWithDebInfo|ARM64.Build.0 = Release|ARM64
		{371B9FA9-4C90-4AC6-A123-ACED756D6C77}.RelWithDebInfo|x64.ActiveCfg = Release|x64
		{371B9FA9-4C90-4AC6-A123-ACED756D6C77}.RelWithDebInfo|x64.Build.0 = Release|x64
		{371B9FA9-4C90-4AC6-A123-ACED756D6C77}.RelWithDebInfo|x86.ActiveCfg = Release|Win32
		{371B9FA9-4C90-4AC6-A123-ACED756D6C77}.RelWithDebInfo|x86.Build.0 = Release|Win32
	EndGlobalSection
	GlobalSection(SolutionProperties) = preSolution
		HideSolutionNode = FALSE
	EndGlobalSection
	GlobalSection(ExtensibilityGlobals) = postSolution
		SolutionGuid = {31BDAA15-570D-47A9-B9D8-00AF3341A41F}
	EndGlobalSection
EndGlobal
